// !$*UTF8*$!
{
	archiveVersion = 1;
	classes = {
	};
	objectVersion = 46;
	objects = {

/* Begin PBXBuildFile section */
		C1CCB7E41C6F284100CC2CEF /* AppDelegate.swift in Sources */ = {isa = PBXBuildFile; fileRef = C1CCB7E31C6F284100CC2CEF /* AppDelegate.swift */; };
		C1CCB7E61C6F284100CC2CEF /* ViewController.swift in Sources */ = {isa = PBXBuildFile; fileRef = C1CCB7E51C6F284100CC2CEF /* ViewController.swift */; };
		C1CCB7E91C6F284200CC2CEF /* Main.storyboard in Resources */ = {isa = PBXBuildFile; fileRef = C1CCB7E71C6F284200CC2CEF /* Main.storyboard */; };
		C1CCB7EB1C6F284200CC2CEF /* Assets.xcassets in Resources */ = {isa = PBXBuildFile; fileRef = C1CCB7EA1C6F284200CC2CEF /* Assets.xcassets */; };
		C1CCB7EE1C6F284200CC2CEF /* LaunchScreen.storyboard in Resources */ = {isa = PBXBuildFile; fileRef = C1CCB7EC1C6F284200CC2CEF /* LaunchScreen.storyboard */; };
		C1CCB7F61C6F325000CC2CEF /* AVFoundation.framework in Frameworks */ = {isa = PBXBuildFile; fileRef = C1CCB7F51C6F325000CC2CEF /* AVFoundation.framework */; };
		C1CCB7F81C6F360700CC2CEF /* recordViewController.swift in Sources */ = {isa = PBXBuildFile; fileRef = C1CCB7F71C6F360700CC2CEF /* recordViewController.swift */; };
		C1CCB81A1C7025EC00CC2CEF /* AssetsLibrary.framework in Frameworks */ = {isa = PBXBuildFile; fileRef = C1CCB8191C7025EC00CC2CEF /* AssetsLibrary.framework */; };
		C1CCB8401C70B8DC00CC2CEF /* checkViewController.swift in Sources */ = {isa = PBXBuildFile; fileRef = C1CCB83F1C70B8DC00CC2CEF /* checkViewController.swift */; };
/* End PBXBuildFile section */

/* Begin PBXFileReference section */
		C1CCB7E01C6F284100CC2CEF /* sampleVideo2.app */ = {isa = PBXFileReference; explicitFileType = wrapper.application; includeInIndex = 0; path = sampleVideo2.app; sourceTree = BUILT_PRODUCTS_DIR; };
		C1CCB7E31C6F284100CC2CEF /* AppDelegate.swift */ = {isa = PBXFileReference; lastKnownFileType = sourcecode.swift; path = AppDelegate.swift; sourceTree = "<group>"; };
		C1CCB7E51C6F284100CC2CEF /* ViewController.swift */ = {isa = PBXFileReference; lastKnownFileType = sourcecode.swift; path = ViewController.swift; sourceTree = "<group>"; };
		C1CCB7E81C6F284200CC2CEF /* Base */ = {isa = PBXFileReference; lastKnownFileType = file.storyboard; name = Base; path = Base.lproj/Main.storyboard; sourceTree = "<group>"; };
		C1CCB7EA1C6F284200CC2CEF /* Assets.xcassets */ = {isa = PBXFileReference; lastKnownFileType = folder.assetcatalog; path = Assets.xcassets; sourceTree = "<group>"; };
		C1CCB7ED1C6F284200CC2CEF /* Base */ = {isa = PBXFileReference; lastKnownFileType = file.storyboard; name = Base; path = Base.lproj/LaunchScreen.storyboard; sourceTree = "<group>"; };
		C1CCB7EF1C6F284200CC2CEF /* Info.plist */ = {isa = PBXFileReference; lastKnownFileType = text.plist.xml; path = Info.plist; sourceTree = "<group>"; };
		C1CCB7F51C6F325000CC2CEF /* AVFoundation.framework */ = {isa = PBXFileReference; lastKnownFileType = wrapper.framework; name = AVFoundation.framework; path = System/Library/Frameworks/AVFoundation.framework; sourceTree = SDKROOT; };
		C1CCB7F71C6F360700CC2CEF /* recordViewController.swift */ = {isa = PBXFileReference; fileEncoding = 4; lastKnownFileType = sourcecode.swift; path = recordViewController.swift; sourceTree = "<group>"; };
		C1CCB8191C7025EC00CC2CEF /* AssetsLibrary.framework */ = {isa = PBXFileReference; lastKnownFileType = wrapper.framework; name = AssetsLibrary.framework; path = System/Library/Frameworks/AssetsLibrary.framework; sourceTree = SDKROOT; };
		C1CCB83F1C70B8DC00CC2CEF /* checkViewController.swift */ = {isa = PBXFileReference; fileEncoding = 4; lastKnownFileType = sourcecode.swift; path = checkViewController.swift; sourceTree = "<group>"; };
/* End PBXFileReference section */

/* Begin PBXFrameworksBuildPhase section */
		C1CCB7DD1C6F284100CC2CEF /* Frameworks */ = {
			isa = PBXFrameworksBuildPhase;
			buildActionMask = 2147483647;
			files = (
				C1CCB81A1C7025EC00CC2CEF /* AssetsLibrary.framework in Frameworks */,
				C1CCB7F61C6F325000CC2CEF /* AVFoundation.framework in Frameworks */,
			);
			runOnlyForDeploymentPostprocessing = 0;
		};
/* End PBXFrameworksBuildPhase section */

/* Begin PBXGroup section */
		C1CCB7D71C6F284100CC2CEF = {
			isa = PBXGroup;
			children = (
				C1CCB8191C7025EC00CC2CEF /* AssetsLibrary.framework */,
				C1CCB7F51C6F325000CC2CEF /* AVFoundation.framework */,
				C1CCB7E21C6F284100CC2CEF /* sampleVideo2 */,
				C1CCB7E11C6F284100CC2CEF /* Products */,
			);
			sourceTree = "<group>";
		};
		C1CCB7E11C6F284100CC2CEF /* Products */ = {
			isa = PBXGroup;
			children = (
				C1CCB7E01C6F284100CC2CEF /* sampleVideo2.app */,
			);
			name = Products;
			sourceTree = "<group>";
		};
		C1CCB7E21C6F284100CC2CEF /* sampleVideo2 */ = {
			isa = PBXGroup;
			children = (
				C1CCB7E31C6F284100CC2CEF /* AppDelegate.swift */,
				C1CCB7E51C6F284100CC2CEF /* ViewController.swift */,
				C1CCB83F1C70B8DC00CC2CEF /* checkViewController.swift */,
				C1CCB7F71C6F360700CC2CEF /* recordViewController.swift */,
				C1CCB7E71C6F284200CC2CEF /* Main.storyboard */,
				C1CCB7EA1C6F284200CC2CEF /* Assets.xcassets */,
				C1CCB7EC1C6F284200CC2CEF /* LaunchScreen.storyboard */,
				C1CCB7EF1C6F284200CC2CEF /* Info.plist */,
			);
			path = sampleVideo2;
			sourceTree = "<group>";
		};
/* End PBXGroup section */

/* Begin PBXNativeTarget section */
		C1CCB7DF1C6F284100CC2CEF /* sampleVideo2 */ = {
			isa = PBXNativeTarget;
			buildConfigurationList = C1CCB7F21C6F284200CC2CEF /* Build configuration list for PBXNativeTarget "sampleVideo2" */;
			buildPhases = (
				C1CCB7DC1C6F284100CC2CEF /* Sources */,
				C1CCB7DD1C6F284100CC2CEF /* Frameworks */,
				C1CCB7DE1C6F284100CC2CEF /* Resources */,
			);
			buildRules = (
			);
			dependencies = (
			);
			name = sampleVideo2;
			productName = sampleVideo2;
			productReference = C1CCB7E01C6F284100CC2CEF /* sampleVideo2.app */;
			productType = "com.apple.product-type.application";
		};
/* End PBXNativeTarget section */

/* Begin PBXProject section */
		C1CCB7D81C6F284100CC2CEF /* Project object */ = {
			isa = PBXProject;
			attributes = {
				LastSwiftUpdateCheck = 0720;
				LastUpgradeCheck = 0720;
				ORGANIZATIONNAME = KoichiTakashiro;
				TargetAttributes = {
					C1CCB7DF1C6F284100CC2CEF = {
						CreatedOnToolsVersion = 7.2;
						DevelopmentTeam = FW94ZM859M;
					};
				};
			};
			buildConfigurationList = C1CCB7DB1C6F284100CC2CEF /* Build configuration list for PBXProject "sampleVideo2" */;
			compatibilityVersion = "Xcode 3.2";
			developmentRegion = English;
			hasScannedForEncodings = 0;
			knownRegions = (
				en,
				Base,
			);
			mainGroup = C1CCB7D71C6F284100CC2CEF;
			productRefGroup = C1CCB7E11C6F284100CC2CEF /* Products */;
			projectDirPath = "";
			projectRoot = "";
			targets = (
				C1CCB7DF1C6F284100CC2CEF /* sampleVideo2 */,
			);
		};
/* End PBXProject section */

/* Begin PBXResourcesBuildPhase section */
		C1CCB7DE1C6F284100CC2CEF /* Resources */ = {
			isa = PBXResourcesBuildPhase;
			buildActionMask = 2147483647;
			files = (
				C1CCB7EE1C6F284200CC2CEF /* LaunchScreen.storyboard in Resources */,
				C1CCB7EB1C6F284200CC2CEF /* Assets.xcassets in Resources */,
				C1CCB7E91C6F284200CC2CEF /* Main.storyboard in Resources */,
			);
			runOnlyForDeploymentPostprocessing = 0;
		};
/* End PBXResourcesBuildPhase section */

/* Begin PBXSourcesBuildPhase section */
		C1CCB7DC1C6F284100CC2CEF /* Sources */ = {
			isa = PBXSourcesBuildPhase;
			buildActionMask = 2147483647;
			files = (
				C1CCB7E61C6F284100CC2CEF /* ViewController.swift in Sources */,
				C1CCB8401C70B8DC00CC2CEF /* checkViewController.swift in Sources */,
				C1CCB7E41C6F284100CC2CEF /* AppDelegate.swift in Sources */,
				C1CCB7F81C6F360700CC2CEF /* recordViewController.swift in Sources */,
			);
			runOnlyForDeploymentPostprocessing = 0;
		};
/* End PBXSourcesBuildPhase section */

/* Begin PBXVariantGroup section */
		C1CCB7E71C6F284200CC2CEF /* Main.storyboard */ = {
			isa = PBXVariantGroup;
			children = (
				C1CCB7E81C6F284200CC2CEF /* Base */,
			);
			name = Main.storyboard;
			sourceTree = "<group>";
		};
		C1CCB7EC1C6F284200CC2CEF /* LaunchScreen.storyboard */ = {
			isa = PBXVariantGroup;
			children = (
				C1CCB7ED1C6F284200CC2CEF /* Base */,
			);
			name = LaunchScreen.storyboard;
			sourceTree = "<group>";
		};
/* End PBXVariantGroup section */

/* Begin XCBuildConfiguration section */
		C1CCB7F01C6F284200CC2CEF /* Debug */ = {
			isa = XCBuildConfiguration;
			buildSettings = {
				ALWAYS_SEARCH_USER_PATHS = NO;
				CLANG_CXX_LANGUAGE_STANDARD = "gnu++0x";
				CLANG_CXX_LIBRARY = "libc++";
				CLANG_ENABLE_MODULES = YES;
				CLANG_ENABLE_OBJC_ARC = YES;
				CLANG_WARN_BOOL_CONVERSION = YES;
				CLANG_WARN_CONSTANT_CONVERSION = YES;
				CLANG_WARN_DIRECT_OBJC_ISA_USAGE = YES_ERROR;
				CLANG_WARN_EMPTY_BODY = YES;
				CLANG_WARN_ENUM_CONVERSION = YES;
				CLANG_WARN_INT_CONVERSION = YES;
				CLANG_WARN_OBJC_ROOT_CLASS = YES_ERROR;
				CLANG_WARN_UNREACHABLE_CODE = YES;
				CLANG_WARN__DUPLICATE_METHOD_MATCH = YES;
				"CODE_SIGN_IDENTITY[sdk=iphoneos*]" = "iPhone Developer";
				COPY_PHASE_STRIP = NO;
				DEBUG_INFORMATION_FORMAT = dwarf;
				ENABLE_STRICT_OBJC_MSGSEND = YES;
				ENABLE_TESTABILITY = YES;
				GCC_C_LANGUAGE_STANDARD = gnu99;
				GCC_DYNAMIC_NO_PIC = NO;
				GCC_NO_COMMON_BLOCKS = YES;
				GCC_OPTIMIZATION_LEVEL = 0;
				GCC_PREPROCESSOR_DEFINITIONS = (
					"DEBUG=1",
					"$(inherited)",
				);
				GCC_WARN_64_TO_32_BIT_CONVERSION = YES;
				GCC_WARN_ABOUT_RETURN_TYPE = YES_ERROR;
				GCC_WARN_UNDECLARED_SELECTOR = YES;
				GCC_WARN_UNINITIALIZED_AUTOS = YES_AGGRESSIVE;
				GCC_WARN_UNUSED_FUNCTION = YES;
				GCC_WARN_UNUSED_VARIABLE = YES;
				IPHONEOS_DEPLOYMENT_TARGET = 9.2;
				MTL_ENABLE_DEBUG_INFO = YES;
				ONLY_ACTIVE_ARCH = YES;
				SDKROOT = iphoneos;
				SWIFT_OPTIMIZATION_LEVEL = "-Onone";
			};
			name = Debug;
		};
		C1CCB7F11C6F284200CC2CEF /* Release */ = {
			isa = XCBuildConfiguration;
			buildSettings = {
				ALWAYS_SEARCH_USER_PATHS = NO;
				CLANG_CXX_LANGUAGE_STANDARD = "gnu++0x";
				CLANG_CXX_LIBRARY = "libc++";
				CLANG_ENABLE_MODULES = YES;
				CLANG_ENABLE_OBJC_ARC = YES;
				CLANG_WARN_BOOL_CONVERSION = YES;
				CLANG_WARN_CONSTANT_CONVERSION = YES;
				CLANG_WARN_DIRECT_OBJC_ISA_USAGE = YES_ERROR;
				CLANG_WARN_EMPTY_BODY = YES;
				CLANG_WARN_ENUM_CONVERSION = YES;
				CLANG_WARN_INT_CONVERSION = YES;
				CLANG_WARN_OBJC_ROOT_CLASS = YES_ERROR;
				CLANG_WARN_UNREACHABLE_CODE = YES;
				CLANG_WARN__DUPLICATE_METHOD_MATCH = YES;
				"CODE_SIGN_IDENTITY[sdk=iphoneos*]" = "iPhone Developer";
				COPY_PHASE_STRIP = NO;
				DEBUG_INFORMATION_FORMAT = "dwarf-with-dsym";
				ENABLE_NS_ASSERTIONS = NO;
				ENABLE_STRICT_OBJC_MSGSEND = YES;
				GCC_C_LANGUAGE_STANDARD = gnu99;
				GCC_NO_COMMON_BLOCKS = YES;
				GCC_WARN_64_TO_32_BIT_CONVERSION = YES;
				GCC_WARN_ABOUT_RETURN_TYPE = YES_ERROR;
				GCC_WARN_UNDECLARED_SELECTOR = YES;
				GCC_WARN_UNINITIALIZED_AUTOS = YES_AGGRESSIVE;
				GCC_WARN_UNUSED_FUNCTION = YES;
				GCC_WARN_UNUSED_VARIABLE = YES;
				IPHONEOS_DEPLOYMENT_TARGET = 9.2;
				MTL_ENABLE_DEBUG_INFO = NO;
				SDKROOT = iphoneos;
				VALIDATE_PRODUCT = YES;
			};
			name = Release;
		};
		C1CCB7F31C6F284200CC2CEF /* Debug */ = {
			isa = XCBuildConfiguration;
			buildSettings = {
				ASSETCATALOG_COMPILER_APPICON_NAME = AppIcon;
				INFOPLIST_FILE = sampleVideo2/Info.plist;
				LD_RUNPATH_SEARCH_PATHS = "$(inherited) @executable_path/Frameworks";
				PRODUCT_BUNDLE_IDENTIFIER = com.koichitakashiro.sampleVideo2;
				PRODUCT_NAME = "$(TARGET_NAME)";
			};
			name = Debug;
		};
		C1CCB7F41C6F284200CC2CEF /* Release */ = {
			isa = XCBuildConfiguration;
			buildSettings = {
				ASSETCATALOG_COMPILER_APPICON_NAME = AppIcon;
				INFOPLIST_FILE = sampleVideo2/Info.plist;
				LD_RUNPATH_SEARCH_PATHS = "$(inherited) @executable_path/Frameworks";
				PRODUCT_BUNDLE_IDENTIFIER = com.koichitakashiro.sampleVideo2;
				PRODUCT_NAME = "$(TARGET_NAME)";
			};
			name = Release;
		};
/* End XCBuildConfiguration section */

/* Begin XCConfigurationList section */
		C1CCB7DB1C6F284100CC2CEF /* Build configuration list for PBXProject "sampleVideo2" */ = {
			isa = XCConfigurationList;
			buildConfigurations = (
				C1CCB7F01C6F284200CC2CEF /* Debug */,
				C1CCB7F11C6F284200CC2CEF /* Release */,
			);
			defaultConfigurationIsVisible = 0;
			defaultConfigurationName = Release;
		};
		C1CCB7F21C6F284200CC2CEF /* Build configuration list for PBXNativeTarget "sampleVideo2" */ = {
			isa = XCConfigurationList;
			buildConfigurations = (
				C1CCB7F31C6F284200CC2CEF /* Debug */,
				C1CCB7F41C6F284200CC2CEF /* Release */,
			);
			defaultConfigurationIsVisible = 0;
			defaultConfigurationName = Release;
		};
/* End XCConfigurationList section */
	};
	rootObject = C1CCB7D81C6F284100CC2CEF /* Project object */;
}
